
Microsoft Visual Studio Solution File, Format Version 12.00
# Visual Studio Version 16
VisualStudioVersion = 16.0.31702.278
MinimumVisualStudioVersion = 10.0.40219.1
Project("{FAE04EC0-301F-11D3-BF4B-00C04F79EFBC}") = "Grupo10", "Grupo10\Grupo10.csproj", "{49F6B9DB-EE94-40FB-8536-46EBF2806117}"
EndProject
Global
	GlobalSection(SolutionConfigurationPlatforms) = preSolution
		Debug|Any CPU = Debug|Any CPU
		Release|Any CPU = Release|Any CPU
	EndGlobalSection
	GlobalSection(ProjectConfigurationPlatforms) = postSolution
		{49F6B9DB-EE94-40FB-8536-46EBF2806117}.Debug|Any CPU.ActiveCfg = Debug|Any CPU
		{49F6B9DB-EE94-40FB-8536-46EBF2806117}.Debug|Any CPU.Build.0 = Debug|Any CPU
		{49F6B9DB-EE94-40FB-8536-46EBF2806117}.Release|Any CPU.ActiveCfg = Release|Any CPU
		{49F6B9DB-EE94-40FB-8536-46EBF2806117}.Release|Any CPU.Build.0 = Release|Any CPU
	EndGlobalSection
	GlobalSection(SolutionProperties) = preSolution
		HideSolutionNode = FALSE
	EndGlobalSection
	GlobalSection(ExtensibilityGlobals) = postSolution
		SolutionGuid = {FFBB5AD5-08F4-4925-9E6B-EDC23DCC04F5}
	EndGlobalSection
EndGlobal
